
Microsoft Visual Studio Solution File, Format Version 12.00
# Visual Studio 15
VisualStudioVersion = 15.0.28010.2036
MinimumVisualStudioVersion = 10.0.40219.1
Project("{9A19103F-16F7-4668-BE54-9A1E7A4F7556}") = "Reddit.NET", "Reddit.NET\Reddit.NET.csproj", "{A8CA026B-FF0B-4CB8-9D7D-DBF4DAA50878}"
EndProject
Project("{9A19103F-16F7-4668-BE54-9A1E7A4F7556}") = "Example", "Example\Example.csproj", "{437BBA7F-0D10-4839-AFE1-BE017203979F}"
EndProject
Project("{9A19103F-16F7-4668-BE54-9A1E7A4F7556}") = "Reddit.NETTests", "Reddit.NETTests\Reddit.NETTests.csproj", "{46A2A050-9799-4943-91DE-336DCFBF8D0D}"
EndProject
Project("{9A19103F-16F7-4668-BE54-9A1E7A4F7556}") = "AuthTokenRetriever", "AuthTokenRetriever\AuthTokenRetriever.csproj", "{A61B6959-0EF7-4EAC-9839-CDB1D3435B11}"
EndProject
Project("{9A19103F-16F7-4668-BE54-9A1E7A4F7556}") = "AuthTokenRetrieverLib", "AuthTokenRetrieverLib\AuthTokenRetrieverLib.csproj", "{A2D9D25F-830F-4BED-8F98-83AAC57EF8B1}"
EndProject
Project("{FAE04EC0-301F-11D3-BF4B-00C04F79EFBC}") = "Reddit.Android", "Reddit.Android\Reddit.Android.csproj", "{560A3949-33F3-4A8E-BB1C-0895DDE50BA0}"
EndProject
Project("{FAE04EC0-301F-11D3-BF4B-00C04F79EFBC}") = "Example.Mobile.Android", "Example.Mobile\Example.Mobile.Android\Example.Mobile.Android.csproj", "{DB27FFD6-BCE6-4289-9150-11D0B50B6114}"
EndProject
Project("{FAE04EC0-301F-11D3-BF4B-00C04F79EFBC}") = "Example.Mobile.iOS", "Example.Mobile\Example.Mobile.iOS\Example.Mobile.iOS.csproj", "{D2C5C570-010D-49CB-8EA6-9AB38DB06146}"
EndProject
Project("{FAE04EC0-301F-11D3-BF4B-00C04F79EFBC}") = "Example.Mobile", "Example.Mobile\Example.Mobile\Example.Mobile.csproj", "{632101A7-C74C-4962-B565-F067F424A1D0}"
EndProject
Global
	GlobalSection(SolutionConfigurationPlatforms) = preSolution
		Ad-Hoc|Any CPU = Ad-Hoc|Any CPU
		Ad-Hoc|iPhone = Ad-Hoc|iPhone
		Ad-Hoc|iPhoneSimulator = Ad-Hoc|iPhoneSimulator
		AppStore|Any CPU = AppStore|Any CPU
		AppStore|iPhone = AppStore|iPhone
		AppStore|iPhoneSimulator = AppStore|iPhoneSimulator
		Debug|Any CPU = Debug|Any CPU
		Debug|iPhone = Debug|iPhone
		Debug|iPhoneSimulator = Debug|iPhoneSimulator
		Release|Any CPU = Release|Any CPU
		Release|iPhone = Release|iPhone
		Release|iPhoneSimulator = Release|iPhoneSimulator
	EndGlobalSection
	GlobalSection(ProjectConfigurationPlatforms) = postSolution
		{A8CA026B-FF0B-4CB8-9D7D-DBF4DAA50878}.Ad-Hoc|Any CPU.ActiveCfg = Release|Any CPU
		{A8CA026B-FF0B-4CB8-9D7D-DBF4DAA50878}.Ad-Hoc|Any CPU.Build.0 = Release|Any CPU
		{A8CA026B-FF0B-4CB8-9D7D-DBF4DAA50878}.Ad-Hoc|iPhone.ActiveCfg = Release|Any CPU
		{A8CA026B-FF0B-4CB8-9D7D-DBF4DAA50878}.Ad-Hoc|iPhone.Build.0 = Release|Any CPU
		{A8CA026B-FF0B-4CB8-9D7D-DBF4DAA50878}.Ad-Hoc|iPhoneSimulator.ActiveCfg = Release|Any CPU
		{A8CA026B-FF0B-4CB8-9D7D-DBF4DAA50878}.Ad-Hoc|iPhoneSimulator.Build.0 = Release|Any CPU
		{A8CA026B-FF0B-4CB8-9D7D-DBF4DAA50878}.AppStore|Any CPU.ActiveCfg = Release|Any CPU
		{A8CA026B-FF0B-4CB8-9D7D-DBF4DAA50878}.AppStore|Any CPU.Build.0 = Release|Any CPU
		{A8CA026B-FF0B-4CB8-9D7D-DBF4DAA50878}.AppStore|iPhone.ActiveCfg = Release|Any CPU
		{A8CA026B-FF0B-4CB8-9D7D-DBF4DAA50878}.AppStore|iPhone.Build.0 = Release|Any CPU
		{A8CA026B-FF0B-4CB8-9D7D-DBF4DAA50878}.AppStore|iPhoneSimulator.ActiveCfg = Release|Any CPU
		{A8CA026B-FF0B-4CB8-9D7D-DBF4DAA50878}.AppStore|iPhoneSimulator.Build.0 = Release|Any CPU
		{A8CA026B-FF0B-4CB8-9D7D-DBF4DAA50878}.Debug|Any CPU.ActiveCfg = Debug|Any CPU
		{A8CA026B-FF0B-4CB8-9D7D-DBF4DAA50878}.Debug|Any CPU.Build.0 = Debug|Any CPU
		{A8CA026B-FF0B-4CB8-9D7D-DBF4DAA50878}.Debug|iPhone.ActiveCfg = Debug|Any CPU
		{A8CA026B-FF0B-4CB8-9D7D-DBF4DAA50878}.Debug|iPhone.Build.0 = Debug|Any CPU
		{A8CA026B-FF0B-4CB8-9D7D-DBF4DAA50878}.Debug|iPhoneSimulator.ActiveCfg = Debug|Any CPU
		{A8CA026B-FF0B-4CB8-9D7D-DBF4DAA50878}.Debug|iPhoneSimulator.Build.0 = Debug|Any CPU
		{A8CA026B-FF0B-4CB8-9D7D-DBF4DAA50878}.Release|Any CPU.ActiveCfg = Release|Any CPU
		{A8CA026B-FF0B-4CB8-9D7D-DBF4DAA50878}.Release|Any CPU.Build.0 = Release|Any CPU
		{A8CA026B-FF0B-4CB8-9D7D-DBF4DAA50878}.Release|iPhone.ActiveCfg = Release|Any CPU
		{A8CA026B-FF0B-4CB8-9D7D-DBF4DAA50878}.Release|iPhone.Build.0 = Release|Any CPU
		{A8CA026B-FF0B-4CB8-9D7D-DBF4DAA50878}.Release|iPhoneSimulator.ActiveCfg = Release|Any CPU
		{A8CA026B-FF0B-4CB8-9D7D-DBF4DAA50878}.Release|iPhoneSimulator.Build.0 = Release|Any CPU
		{437BBA7F-0D10-4839-AFE1-BE017203979F}.Ad-Hoc|Any CPU.ActiveCfg = Release|Any CPU
		{437BBA7F-0D10-4839-AFE1-BE017203979F}.Ad-Hoc|Any CPU.Build.0 = Release|Any CPU
		{437BBA7F-0D10-4839-AFE1-BE017203979F}.Ad-Hoc|iPhone.ActiveCfg = Release|Any CPU
		{437BBA7F-0D10-4839-AFE1-BE017203979F}.Ad-Hoc|iPhone.Build.0 = Release|Any CPU
		{437BBA7F-0D10-4839-AFE1-BE017203979F}.Ad-Hoc|iPhoneSimulator.ActiveCfg = Release|Any CPU
		{437BBA7F-0D10-4839-AFE1-BE017203979F}.Ad-Hoc|iPhoneSimulator.Build.0 = Release|Any CPU
		{437BBA7F-0D10-4839-AFE1-BE017203979F}.AppStore|Any CPU.ActiveCfg = Release|Any CPU
		{437BBA7F-0D10-4839-AFE1-BE017203979F}.AppStore|Any CPU.Build.0 = Release|Any CPU
		{437BBA7F-0D10-4839-AFE1-BE017203979F}.AppStore|iPhone.ActiveCfg = Release|Any CPU
		{437BBA7F-0D10-4839-AFE1-BE017203979F}.AppStore|iPhone.Build.0 = Release|Any CPU
		{437BBA7F-0D10-4839-AFE1-BE017203979F}.AppStore|iPhoneSimulator.ActiveCfg = Release|Any CPU
		{437BBA7F-0D10-4839-AFE1-BE017203979F}.AppStore|iPhoneSimulator.Build.0 = Release|Any CPU
		{437BBA7F-0D10-4839-AFE1-BE017203979F}.Debug|Any CPU.ActiveCfg = Debug|Any CPU
		{437BBA7F-0D10-4839-AFE1-BE017203979F}.Debug|Any CPU.Build.0 = Debug|Any CPU
		{437BBA7F-0D10-4839-AFE1-BE017203979F}.Debug|iPhone.ActiveCfg = Debug|Any CPU
		{437BBA7F-0D10-4839-AFE1-BE017203979F}.Debug|iPhone.Build.0 = Debug|Any CPU
		{437BBA7F-0D10-4839-AFE1-BE017203979F}.Debug|iPhoneSimulator.ActiveCfg = Debug|Any CPU
		{437BBA7F-0D10-4839-AFE1-BE017203979F}.Debug|iPhoneSimulator.Build.0 = Debug|Any CPU
		{437BBA7F-0D10-4839-AFE1-BE017203979F}.Release|Any CPU.ActiveCfg = Release|Any CPU
		{437BBA7F-0D10-4839-AFE1-BE017203979F}.Release|Any CPU.Build.0 = Release|Any CPU
		{437BBA7F-0D10-4839-AFE1-BE017203979F}.Release|iPhone.ActiveCfg = Release|Any CPU
		{437BBA7F-0D10-4839-AFE1-BE017203979F}.Release|iPhone.Build.0 = Release|Any CPU
		{437BBA7F-0D10-4839-AFE1-BE017203979F}.Release|iPhoneSimulator.ActiveCfg = Release|Any CPU
		{437BBA7F-0D10-4839-AFE1-BE017203979F}.Release|iPhoneSimulator.Build.0 = Release|Any CPU
		{46A2A050-9799-4943-91DE-336DCFBF8D0D}.Ad-Hoc|Any CPU.ActiveCfg = Release|Any CPU
		{46A2A050-9799-4943-91DE-336DCFBF8D0D}.Ad-Hoc|Any CPU.Build.0 = Release|Any CPU
		{46A2A050-9799-4943-91DE-336DCFBF8D0D}.Ad-Hoc|iPhone.ActiveCfg = Release|Any CPU
		{46A2A050-9799-4943-91DE-336DCFBF8D0D}.Ad-Hoc|iPhone.Build.0 = Release|Any CPU
		{46A2A050-9799-4943-91DE-336DCFBF8D0D}.Ad-Hoc|iPhoneSimulator.ActiveCfg = Release|Any CPU
		{46A2A050-9799-4943-91DE-336DCFBF8D0D}.Ad-Hoc|iPhoneSimulator.Build.0 = Release|Any CPU
		{46A2A050-9799-4943-91DE-336DCFBF8D0D}.AppStore|Any CPU.ActiveCfg = Release|Any CPU
		{46A2A050-9799-4943-91DE-336DCFBF8D0D}.AppStore|Any CPU.Build.0 = Release|Any CPU
		{46A2A050-9799-4943-91DE-336DCFBF8D0D}.AppStore|iPhone.ActiveCfg = Release|Any CPU
		{46A2A050-9799-4943-91DE-336DCFBF8D0D}.AppStore|iPhone.Build.0 = Release|Any CPU
		{46A2A050-9799-4943-91DE-336DCFBF8D0D}.AppStore|iPhoneSimulator.ActiveCfg = Release|Any CPU
		{46A2A050-9799-4943-91DE-336DCFBF8D0D}.AppStore|iPhoneSimulator.Build.0 = Release|Any CPU
		{46A2A050-9799-4943-91DE-336DCFBF8D0D}.Debug|Any CPU.ActiveCfg = Debug|Any CPU
		{46A2A050-9799-4943-91DE-336DCFBF8D0D}.Debug|Any CPU.Build.0 = Debug|Any CPU
		{46A2A050-9799-4943-91DE-336DCFBF8D0D}.Debug|iPhone.ActiveCfg = Debug|Any CPU
		{46A2A050-9799-4943-91DE-336DCFBF8D0D}.Debug|iPhone.Build.0 = Debug|Any CPU
		{46A2A050-9799-4943-91DE-336DCFBF8D0D}.Debug|iPhoneSimulator.ActiveCfg = Debug|Any CPU
		{46A2A050-9799-4943-91DE-336DCFBF8D0D}.Debug|iPhoneSimulator.Build.0 = Debug|Any CPU
		{46A2A050-9799-4943-91DE-336DCFBF8D0D}.Release|Any CPU.ActiveCfg = Release|Any CPU
		{46A2A050-9799-4943-91DE-336DCFBF8D0D}.Release|Any CPU.Build.0 = Release|Any CPU
		{46A2A050-9799-4943-91DE-336DCFBF8D0D}.Release|iPhone.ActiveCfg = Release|Any CPU
		{46A2A050-9799-4943-91DE-336DCFBF8D0D}.Release|iPhone.Build.0 = Release|Any CPU
		{46A2A050-9799-4943-91DE-336DCFBF8D0D}.Release|iPhoneSimulator.ActiveCfg = Release|Any CPU
		{46A2A050-9799-4943-91DE-336DCFBF8D0D}.Release|iPhoneSimulator.Build.0 = Release|Any CPU
		{A61B6959-0EF7-4EAC-9839-CDB1D3435B11}.Ad-Hoc|Any CPU.ActiveCfg = Release|Any CPU
		{A61B6959-0EF7-4EAC-9839-CDB1D3435B11}.Ad-Hoc|Any CPU.Build.0 = Release|Any CPU
		{A61B6959-0EF7-4EAC-9839-CDB1D3435B11}.Ad-Hoc|iPhone.ActiveCfg = Release|Any CPU
		{A61B6959-0EF7-4EAC-9839-CDB1D3435B11}.Ad-Hoc|iPhone.Build.0 = Release|Any CPU
		{A61B6959-0EF7-4EAC-9839-CDB1D3435B11}.Ad-Hoc|iPhoneSimulator.ActiveCfg = Release|Any CPU
		{A61B6959-0EF7-4EAC-9839-CDB1D3435B11}.Ad-Hoc|iPhoneSimulator.Build.0 = Release|Any CPU
		{A61B6959-0EF7-4EAC-9839-CDB1D3435B11}.AppStore|Any CPU.ActiveCfg = Release|Any CPU
		{A61B6959-0EF7-4EAC-9839-CDB1D3435B11}.AppStore|Any CPU.Build.0 = Release|Any CPU
		{A61B6959-0EF7-4EAC-9839-CDB1D3435B11}.AppStore|iPhone.ActiveCfg = Release|Any CPU
		{A61B6959-0EF7-4EAC-9839-CDB1D3435B11}.AppStore|iPhone.Build.0 = Release|Any CPU
		{A61B6959-0EF7-4EAC-9839-CDB1D3435B11}.AppStore|iPhoneSimulator.ActiveCfg = Release|Any CPU
		{A61B6959-0EF7-4EAC-9839-CDB1D3435B11}.AppStore|iPhoneSimulator.Build.0 = Release|Any CPU
		{A61B6959-0EF7-4EAC-9839-CDB1D3435B11}.Debug|Any CPU.ActiveCfg = Debug|Any CPU
		{A61B6959-0EF7-4EAC-9839-CDB1D3435B11}.Debug|Any CPU.Build.0 = Debug|Any CPU
		{A61B6959-0EF7-4EAC-9839-CDB1D3435B11}.Debug|iPhone.ActiveCfg = Debug|Any CPU
		{A61B6959-0EF7-4EAC-9839-CDB1D3435B11}.Debug|iPhone.Build.0 = Debug|Any CPU
		{A61B6959-0EF7-4EAC-9839-CDB1D3435B11}.Debug|iPhoneSimulator.ActiveCfg = Debug|Any CPU
		{A61B6959-0EF7-4EAC-9839-CDB1D3435B11}.Debug|iPhoneSimulator.Build.0 = Debug|Any CPU
		{A61B6959-0EF7-4EAC-9839-CDB1D3435B11}.Release|Any CPU.ActiveCfg = Release|Any CPU
		{A61B6959-0EF7-4EAC-9839-CDB1D3435B11}.Release|Any CPU.Build.0 = Release|Any CPU
		{A61B6959-0EF7-4EAC-9839-CDB1D3435B11}.Release|iPhone.ActiveCfg = Release|Any CPU
		{A61B6959-0EF7-4EAC-9839-CDB1D3435B11}.Release|iPhone.Build.0 = Release|Any CPU
		{A61B6959-0EF7-4EAC-9839-CDB1D3435B11}.Release|iPhoneSimulator.ActiveCfg = Release|Any CPU
		{A61B6959-0EF7-4EAC-9839-CDB1D3435B11}.Release|iPhoneSimulator.Build.0 = Release|Any CPU
		{A2D9D25F-830F-4BED-8F98-83AAC57EF8B1}.Ad-Hoc|Any CPU.ActiveCfg = Release|Any CPU
		{A2D9D25F-830F-4BED-8F98-83AAC57EF8B1}.Ad-Hoc|Any CPU.Build.0 = Release|Any CPU
		{A2D9D25F-830F-4BED-8F98-83AAC57EF8B1}.Ad-Hoc|iPhone.ActiveCfg = Release|Any CPU
		{A2D9D25F-830F-4BED-8F98-83AAC57EF8B1}.Ad-Hoc|iPhone.Build.0 = Release|Any CPU
		{A2D9D25F-830F-4BED-8F98-83AAC57EF8B1}.Ad-Hoc|iPhoneSimulator.ActiveCfg = Release|Any CPU
		{A2D9D25F-830F-4BED-8F98-83AAC57EF8B1}.Ad-Hoc|iPhoneSimulator.Build.0 = Release|Any CPU
		{A2D9D25F-830F-4BED-8F98-83AAC57EF8B1}.AppStore|Any CPU.ActiveCfg = Release|Any CPU
		{A2D9D25F-830F-4BED-8F98-83AAC57EF8B1}.AppStore|Any CPU.Build.0 = Release|Any CPU
		{A2D9D25F-830F-4BED-8F98-83AAC57EF8B1}.AppStore|iPhone.ActiveCfg = Release|Any CPU
		{A2D9D25F-830F-4BED-8F98-83AAC57EF8B1}.AppStore|iPhone.Build.0 = Release|Any CPU
		{A2D9D25F-830F-4BED-8F98-83AAC57EF8B1}.AppStore|iPhoneSimulator.ActiveCfg = Release|Any CPU
		{A2D9D25F-830F-4BED-8F98-83AAC57EF8B1}.AppStore|iPhoneSimulator.Build.0 = Release|Any CPU
		{A2D9D25F-830F-4BED-8F98-83AAC57EF8B1}.Debug|Any CPU.ActiveCfg = Debug|Any CPU
		{A2D9D25F-830F-4BED-8F98-83AAC57EF8B1}.Debug|Any CPU.Build.0 = Debug|Any CPU
		{A2D9D25F-830F-4BED-8F98-83AAC57EF8B1}.Debug|iPhone.ActiveCfg = Debug|Any CPU
		{A2D9D25F-830F-4BED-8F98-83AAC57EF8B1}.Debug|iPhone.Build.0 = Debug|Any CPU
		{A2D9D25F-830F-4BED-8F98-83AAC57EF8B1}.Debug|iPhoneSimulator.ActiveCfg = Debug|Any CPU
		{A2D9D25F-830F-4BED-8F98-83AAC57EF8B1}.Debug|iPhoneSimulator.Build.0 = Debug|Any CPU
		{A2D9D25F-830F-4BED-8F98-83AAC57EF8B1}.Release|Any CPU.ActiveCfg = Release|Any CPU
		{A2D9D25F-830F-4BED-8F98-83AAC57EF8B1}.Release|Any CPU.Build.0 = Release|Any CPU
		{A2D9D25F-830F-4BED-8F98-83AAC57EF8B1}.Release|iPhone.ActiveCfg = Release|Any CPU
		{A2D9D25F-830F-4BED-8F98-83AAC57EF8B1}.Release|iPhone.Build.0 = Release|Any CPU
		{A2D9D25F-830F-4BED-8F98-83AAC57EF8B1}.Release|iPhoneSimulator.ActiveCfg = Release|Any CPU
		{A2D9D25F-830F-4BED-8F98-83AAC57EF8B1}.Release|iPhoneSimulator.Build.0 = Release|Any CPU
		{560A3949-33F3-4A8E-BB1C-0895DDE50BA0}.Ad-Hoc|Any CPU.ActiveCfg = Release|Any CPU
		{560A3949-33F3-4A8E-BB1C-0895DDE50BA0}.Ad-Hoc|Any CPU.Build.0 = Release|Any CPU
		{560A3949-33F3-4A8E-BB1C-0895DDE50BA0}.Ad-Hoc|iPhone.ActiveCfg = Release|Any CPU
		{560A3949-33F3-4A8E-BB1C-0895DDE50BA0}.Ad-Hoc|iPhone.Build.0 = Release|Any CPU
		{560A3949-33F3-4A8E-BB1C-0895DDE50BA0}.Ad-Hoc|iPhoneSimulator.ActiveCfg = Release|Any CPU
		{560A3949-33F3-4A8E-BB1C-0895DDE50BA0}.Ad-Hoc|iPhoneSimulator.Build.0 = Release|Any CPU
		{560A3949-33F3-4A8E-BB1C-0895DDE50BA0}.AppStore|Any CPU.ActiveCfg = Release|Any CPU
		{560A3949-33F3-4A8E-BB1C-0895DDE50BA0}.AppStore|Any CPU.Build.0 = Release|Any CPU
		{560A3949-33F3-4A8E-BB1C-0895DDE50BA0}.AppStore|iPhone.ActiveCfg = Release|Any CPU
		{560A3949-33F3-4A8E-BB1C-0895DDE50BA0}.AppStore|iPhone.Build.0 = Release|Any CPU
		{560A3949-33F3-4A8E-BB1C-0895DDE50BA0}.AppStore|iPhoneSimulator.ActiveCfg = Release|Any CPU
		{560A3949-33F3-4A8E-BB1C-0895DDE50BA0}.AppStore|iPhoneSimulator.Build.0 = Release|Any CPU
		{560A3949-33F3-4A8E-BB1C-0895DDE50BA0}.Debug|Any CPU.ActiveCfg = Debug|Any CPU
		{560A3949-33F3-4A8E-BB1C-0895DDE50BA0}.Debug|Any CPU.Build.0 = Debug|Any CPU
		{560A3949-33F3-4A8E-BB1C-0895DDE50BA0}.Debug|iPhone.ActiveCfg = Debug|Any CPU
		{560A3949-33F3-4A8E-BB1C-0895DDE50BA0}.Debug|iPhone.Build.0 = Debug|Any CPU
		{560A3949-33F3-4A8E-BB1C-0895DDE50BA0}.Debug|iPhoneSimulator.ActiveCfg = Debug|Any CPU
		{560A3949-33F3-4A8E-BB1C-0895DDE50BA0}.Debug|iPhoneSimulator.Build.0 = Debug|Any CPU
		{560A3949-33F3-4A8E-BB1C-0895DDE50BA0}.Release|Any CPU.ActiveCfg = Release|Any CPU
		{560A3949-33F3-4A8E-BB1C-0895DDE50BA0}.Release|Any CPU.Build.0 = Release|Any CPU
		{560A3949-33F3-4A8E-BB1C-0895DDE50BA0}.Release|iPhone.ActiveCfg = Release|Any CPU
		{560A3949-33F3-4A8E-BB1C-0895DDE50BA0}.Release|iPhone.Build.0 = Release|Any CPU
		{560A3949-33F3-4A8E-BB1C-0895DDE50BA0}.Release|iPhoneSimulator.ActiveCfg = Release|Any CPU
		{560A3949-33F3-4A8E-BB1C-0895DDE50BA0}.Release|iPhoneSimulator.Build.0 = Release|Any CPU
		{DB27FFD6-BCE6-4289-9150-11D0B50B6114}.Ad-Hoc|Any CPU.ActiveCfg = Release|Any CPU
		{DB27FFD6-BCE6-4289-9150-11D0B50B6114}.Ad-Hoc|Any CPU.Build.0 = Release|Any CPU
		{DB27FFD6-BCE6-4289-9150-11D0B50B6114}.Ad-Hoc|Any CPU.Deploy.0 = Release|Any CPU
		{DB27FFD6-BCE6-4289-9150-11D0B50B6114}.Ad-Hoc|iPhone.ActiveCfg = Release|Any CPU
		{DB27FFD6-BCE6-4289-9150-11D0B50B6114}.Ad-Hoc|iPhone.Build.0 = Release|Any CPU
		{DB27FFD6-BCE6-4289-9150-11D0B50B6114}.Ad-Hoc|iPhone.Deploy.0 = Release|Any CPU
		{DB27FFD6-BCE6-4289-9150-11D0B50B6114}.Ad-Hoc|iPhoneSimulator.ActiveCfg = Release|Any CPU
		{DB27FFD6-BCE6-4289-9150-11D0B50B6114}.Ad-Hoc|iPhoneSimulator.Build.0 = Release|Any CPU
		{DB27FFD6-BCE6-4289-9150-11D0B50B6114}.Ad-Hoc|iPhoneSimulator.Deploy.0 = Release|Any CPU
		{DB27FFD6-BCE6-4289-9150-11D0B50B6114}.AppStore|Any CPU.ActiveCfg = Release|Any CPU
		{DB27FFD6-BCE6-4289-9150-11D0B50B6114}.AppStore|Any CPU.Build.0 = Release|Any CPU
		{DB27FFD6-BCE6-4289-9150-11D0B50B6114}.AppStore|Any CPU.Deploy.0 = Release|Any CPU
		{DB27FFD6-BCE6-4289-9150-11D0B50B6114}.AppStore|iPhone.ActiveCfg = Release|Any CPU
		{DB27FFD6-BCE6-4289-9150-11D0B50B6114}.AppStore|iPhone.Build.0 = Release|Any CPU
		{DB27FFD6-BCE6-4289-9150-11D0B50B6114}.AppStore|iPhone.Deploy.0 = Release|Any CPU
		{DB27FFD6-BCE6-4289-9150-11D0B50B6114}.AppStore|iPhoneSimulator.ActiveCfg = Release|Any CPU
		{DB27FFD6-BCE6-4289-9150-11D0B50B6114}.AppStore|iPhoneSimulator.Build.0 = Release|Any CPU
		{DB27FFD6-BCE6-4289-9150-11D0B50B6114}.AppStore|iPhoneSimulator.Deploy.0 = Release|Any CPU
		{DB27FFD6-BCE6-4289-9150-11D0B50B6114}.Debug|Any CPU.ActiveCfg = Debug|Any CPU
		{DB27FFD6-BCE6-4289-9150-11D0B50B6114}.Debug|Any CPU.Build.0 = Debug|Any CPU
		{DB27FFD6-BCE6-4289-9150-11D0B50B6114}.Debug|Any CPU.Deploy.0 = Debug|Any CPU
		{DB27FFD6-BCE6-4289-9150-11D0B50B6114}.Debug|iPhone.ActiveCfg = Debug|Any CPU
		{DB27FFD6-BCE6-4289-9150-11D0B50B6114}.Debug|iPhone.Build.0 = Debug|Any CPU
		{DB27FFD6-BCE6-4289-9150-11D0B50B6114}.Debug|iPhone.Deploy.0 = Debug|Any CPU
		{DB27FFD6-BCE6-4289-9150-11D0B50B6114}.Debug|iPhoneSimulator.ActiveCfg = Debug|Any CPU
		{DB27FFD6-BCE6-4289-9150-11D0B50B6114}.Debug|iPhoneSimulator.Build.0 = Debug|Any CPU
		{DB27FFD6-BCE6-4289-9150-11D0B50B6114}.Debug|iPhoneSimulator.Deploy.0 = Debug|Any CPU
		{DB27FFD6-BCE6-4289-9150-11D0B50B6114}.Release|Any CPU.ActiveCfg = Release|Any CPU
		{DB27FFD6-BCE6-4289-9150-11D0B50B6114}.Release|Any CPU.Build.0 = Release|Any CPU
		{DB27FFD6-BCE6-4289-9150-11D0B50B6114}.Release|Any CPU.Deploy.0 = Release|Any CPU
		{DB27FFD6-BCE6-4289-9150-11D0B50B6114}.Release|iPhone.ActiveCfg = Release|Any CPU
		{DB27FFD6-BCE6-4289-9150-11D0B50B6114}.Release|iPhone.Build.0 = Release|Any CPU
		{DB27FFD6-BCE6-4289-9150-11D0B50B6114}.Release|iPhone.Deploy.0 = Release|Any CPU
		{DB27FFD6-BCE6-4289-9150-11D0B50B6114}.Release|iPhoneSimulator.ActiveCfg = Release|Any CPU
		{DB27FFD6-BCE6-4289-9150-11D0B50B6114}.Release|iPhoneSimulator.Build.0 = Release|Any CPU
		{DB27FFD6-BCE6-4289-9150-11D0B50B6114}.Release|iPhoneSimulator.Deploy.0 = Release|Any CPU
		{D2C5C570-010D-49CB-8EA6-9AB38DB06146}.Ad-Hoc|Any CPU.ActiveCfg = Ad-Hoc|iPhone
		{D2C5C570-010D-49CB-8EA6-9AB38DB06146}.Ad-Hoc|iPhone.ActiveCfg = Ad-Hoc|iPhone
		{D2C5C570-010D-49CB-8EA6-9AB38DB06146}.Ad-Hoc|iPhone.Build.0 = Ad-Hoc|iPhone
		{D2C5C570-010D-49CB-8EA6-9AB38DB06146}.Ad-Hoc|iPhoneSimulator.ActiveCfg = Ad-Hoc|iPhoneSimulator
		{D2C5C570-010D-49CB-8EA6-9AB38DB06146}.Ad-Hoc|iPhoneSimulator.Build.0 = Ad-Hoc|iPhoneSimulator
		{D2C5C570-010D-49CB-8EA6-9AB38DB06146}.AppStore|Any CPU.ActiveCfg = AppStore|iPhone
		{D2C5C570-010D-49CB-8EA6-9AB38DB06146}.AppStore|iPhone.ActiveCfg = AppStore|iPhone
		{D2C5C570-010D-49CB-8EA6-9AB38DB06146}.AppStore|iPhone.Build.0 = AppStore|iPhone
		{D2C5C570-010D-49CB-8EA6-9AB38DB06146}.AppStore|iPhoneSimulator.ActiveCfg = AppStore|iPhoneSimulator
		{D2C5C570-010D-49CB-8EA6-9AB38DB06146}.AppStore|iPhoneSimulator.Build.0 = AppStore|iPhoneSimulator
		{D2C5C570-010D-49CB-8EA6-9AB38DB06146}.Debug|Any CPU.ActiveCfg = Debug|iPhone
		{D2C5C570-010D-49CB-8EA6-9AB38DB06146}.Debug|iPhone.ActiveCfg = Debug|iPhone
		{D2C5C570-010D-49CB-8EA6-9AB38DB06146}.Debug|iPhone.Build.0 = Debug|iPhone
		{D2C5C570-010D-49CB-8EA6-9AB38DB06146}.Debug|iPhoneSimulator.ActiveCfg = Debug|iPhoneSimulator
		{D2C5C570-010D-49CB-8EA6-9AB38DB06146}.Debug|iPhoneSimulator.Build.0 = Debug|iPhoneSimulator
		{D2C5C570-010D-49CB-8EA6-9AB38DB06146}.Release|Any CPU.ActiveCfg = Release|iPhone
		{D2C5C570-010D-49CB-8EA6-9AB38DB06146}.Release|iPhone.ActiveCfg = Release|iPhone
		{D2C5C570-010D-49CB-8EA6-9AB38DB06146}.Release|iPhone.Build.0 = Release|iPhone
		{D2C5C570-010D-49CB-8EA6-9AB38DB06146}.Release|iPhoneSimulator.ActiveCfg = Release|iPhoneSimulator
		{D2C5C570-010D-49CB-8EA6-9AB38DB06146}.Release|iPhoneSimulator.Build.0 = Release|iPhoneSimulator
		{632101A7-C74C-4962-B565-F067F424A1D0}.Ad-Hoc|Any CPU.ActiveCfg = Debug|Any CPU
		{632101A7-C74C-4962-B565-F067F424A1D0}.Ad-Hoc|Any CPU.Build.0 = Debug|Any CPU
		{632101A7-C74C-4962-B565-F067F424A1D0}.Ad-Hoc|iPhone.ActiveCfg = Debug|Any CPU
		{632101A7-C74C-4962-B565-F067F424A1D0}.Ad-Hoc|iPhone.Build.0 = Debug|Any CPU
		{632101A7-C74C-4962-B565-F067F424A1D0}.Ad-Hoc|iPhoneSimulator.ActiveCfg = Debug|Any CPU
		{632101A7-C74C-4962-B565-F067F424A1D0}.Ad-Hoc|iPhoneSimulator.Build.0 = Debug|Any CPU
		{632101A7-C74C-4962-B565-F067F424A1D0}.AppStore|Any CPU.ActiveCfg = Debug|Any CPU
		{632101A7-C74C-4962-B565-F067F424A1D0}.AppStore|Any CPU.Build.0 = Debug|Any CPU
		{632101A7-C74C-4962-B565-F067F424A1D0}.AppStore|iPhone.ActiveCfg = Debug|Any CPU
		{632101A7-C74C-4962-B565-F067F424A1D0}.AppStore|iPhone.Build.0 = Debug|Any CPU
		{632101A7-C74C-4962-B565-F067F424A1D0}.AppStore|iPhoneSimulator.ActiveCfg = Debug|Any CPU
		{632101A7-C74C-4962-B565-F067F424A1D0}.AppStore|iPhoneSimulator.Build.0 = Debug|Any CPU
		{632101A7-C74C-4962-B565-F067F424A1D0}.Debug|Any CPU.ActiveCfg = Debug|Any CPU
		{632101A7-C74C-4962-B565-F067F424A1D0}.Debug|Any CPU.Build.0 = Debug|Any CPU
		{632101A7-C74C-4962-B565-F067F424A1D0}.Debug|iPhone.ActiveCfg = Debug|Any CPU
		{632101A7-C74C-4962-B565-F067F424A1D0}.Debug|iPhone.Build.0 = Debug|Any CPU
		{632101A7-C74C-4962-B565-F067F424A1D0}.Debug|iPhoneSimulator.ActiveCfg = Debug|Any CPU
		{632101A7-C74C-4962-B565-F067F424A1D0}.Debug|iPhoneSimulator.Build.0 = Debug|Any CPU
		{632101A7-C74C-4962-B565-F067F424A1D0}.Release|Any CPU.ActiveCfg = Release|Any CPU
		{632101A7-C74C-4962-B565-F067F424A1D0}.Release|Any CPU.Build.0 = Release|Any CPU
		{632101A7-C74C-4962-B565-F067F424A1D0}.Release|iPhone.ActiveCfg = Release|Any CPU
		{632101A7-C74C-4962-B565-F067F424A1D0}.Release|iPhone.Build.0 = Release|Any CPU
		{632101A7-C74C-4962-B565-F067F424A1D0}.Release|iPhoneSimulator.ActiveCfg = Release|Any CPU
		{632101A7-C74C-4962-B565-F067F424A1D0}.Release|iPhoneSimulator.Build.0 = Release|Any CPU
	EndGlobalSection
	GlobalSection(SolutionProperties) = preSolution
		HideSolutionNode = FALSE
	EndGlobalSection
	GlobalSection(ExtensibilityGlobals) = postSolution
		SolutionGuid = {0D52D1C1-E4CD-4F8F-9004-F5FC0CF2652D}
	EndGlobalSection
EndGlobal
