
Microsoft Visual Studio Solution File, Format Version 12.00
# Visual Studio 15
VisualStudioVersion = 15.0.28010.2036
MinimumVisualStudioVersion = 10.0.40219.1
Project("{9A19103F-16F7-4668-BE54-9A1E7A4F7556}") = "Reddit.NET", "Reddit.NET\Reddit.NET.csproj", "{A8CA026B-FF0B-4CB8-9D7D-DBF4DAA50878}"
EndProject
Project("{9A19103F-16F7-4668-BE54-9A1E7A4F7556}") = "Example", "Example\Example.csproj", "{437BBA7F-0D10-4839-AFE1-BE017203979F}"
EndProject
Project("{9A19103F-16F7-4668-BE54-9A1E7A4F7556}") = "Reddit.NETTests", "Reddit.NETTests\Reddit.NETTests.csproj", "{46A2A050-9799-4943-91DE-336DCFBF8D0D}"
EndProject
Project("{FAE04EC0-301F-11D3-BF4B-00C04F79EFBC}") = "AuthTokenRetriever", "AuthTokenRetriever\AuthTokenRetriever.csproj", "{A61B6959-0EF7-4EAC-9839-CDB1D3435B11}"
EndProject
Global
	GlobalSection(SolutionConfigurationPlatforms) = preSolution
		Debug|Any CPU = Debug|Any CPU
		Release|Any CPU = Release|Any CPU
	EndGlobalSection
	GlobalSection(ProjectConfigurationPlatforms) = postSolution
		{A8CA026B-FF0B-4CB8-9D7D-DBF4DAA50878}.Debug|Any CPU.ActiveCfg = Debug|Any CPU
		{A8CA026B-FF0B-4CB8-9D7D-DBF4DAA50878}.Debug|Any CPU.Build.0 = Debug|Any CPU
		{A8CA026B-FF0B-4CB8-9D7D-DBF4DAA50878}.Release|Any CPU.ActiveCfg = Release|Any CPU
		{A8CA026B-FF0B-4CB8-9D7D-DBF4DAA50878}.Release|Any CPU.Build.0 = Release|Any CPU
		{437BBA7F-0D10-4839-AFE1-BE017203979F}.Debug|Any CPU.ActiveCfg = Debug|Any CPU
		{437BBA7F-0D10-4839-AFE1-BE017203979F}.Debug|Any CPU.Build.0 = Debug|Any CPU
		{437BBA7F-0D10-4839-AFE1-BE017203979F}.Release|Any CPU.ActiveCfg = Release|Any CPU
		{437BBA7F-0D10-4839-AFE1-BE017203979F}.Release|Any CPU.Build.0 = Release|Any CPU
		{46A2A050-9799-4943-91DE-336DCFBF8D0D}.Debug|Any CPU.ActiveCfg = Debug|Any CPU
		{46A2A050-9799-4943-91DE-336DCFBF8D0D}.Debug|Any CPU.Build.0 = Debug|Any CPU
		{46A2A050-9799-4943-91DE-336DCFBF8D0D}.Release|Any CPU.ActiveCfg = Release|Any CPU
		{46A2A050-9799-4943-91DE-336DCFBF8D0D}.Release|Any CPU.Build.0 = Release|Any CPU
		{A61B6959-0EF7-4EAC-9839-CDB1D3435B11}.Debug|Any CPU.ActiveCfg = Debug|Any CPU
		{A61B6959-0EF7-4EAC-9839-CDB1D3435B11}.Debug|Any CPU.Build.0 = Debug|Any CPU
		{A61B6959-0EF7-4EAC-9839-CDB1D3435B11}.Release|Any CPU.ActiveCfg = Release|Any CPU
		{A61B6959-0EF7-4EAC-9839-CDB1D3435B11}.Release|Any CPU.Build.0 = Release|Any CPU
	EndGlobalSection
	GlobalSection(SolutionProperties) = preSolution
		HideSolutionNode = FALSE
	EndGlobalSection
	GlobalSection(ExtensibilityGlobals) = postSolution
		SolutionGuid = {0D52D1C1-E4CD-4F8F-9004-F5FC0CF2652D}
	EndGlobalSection
EndGlobal
